# This file is automatically @generated by Poetry 1.8.3 and should not be changed by hand.

[[package]]
name = "micropython-rp2-pico-w-stubs"
version = "1.20.0.post5"
description = "MicroPython stubs"
optional = false
python-versions = ">=3.8,<4.0"
files = [
    {file = "micropython_rp2_pico_w_stubs-1.20.0.post5-py3-none-any.whl", hash = "sha256:91ab52533620c6bc69617d5ea72d74bd96b9b70de64aec645fd26c1bc40c6659"},
    {file = "micropython_rp2_pico_w_stubs-1.20.0.post5.tar.gz", hash = "sha256:ce2bb383baca8b95dbb93280ea0bce5e335a82aa7134af0c2be77a4a6c9f14e0"},
]

[package.dependencies]
micropython-stdlib-stubs = ">=1.1.0"

[[package]]
name = "micropython-stdlib-stubs"
version = "1.1.2"
description = "Micropython stdlib is a reduced and augmented copy of typeshed's stdlib for use by MicroPython stub packages"
optional = false
python-versions = ">=3.8,<4.0"
files = [
    {file = "micropython_stdlib_stubs-1.1.2-py3-none-any.whl", hash = "sha256:a455a01a5d7700ef99124072d94c967d5123778512260d87679e47e57f81e3d8"},
    {file = "micropython_stdlib_stubs-1.1.2.tar.gz", hash = "sha256:0e20e044f24b7f5d67205fd08780aa4ca0ea3741e4d14406ff7dca1ed8364f49"},
]

[[package]]
name = "pyreadline"
version = "2.1"
description = "A python implmementation of GNU readline."
optional = false
python-versions = "*"
files = [
    {file = "pyreadline-2.1.zip", hash = "sha256:4530592fc2e85b25b1a9f79664433da09237c1a270e4d78ea5aa3a2c7229e2d1"},
]

[[package]]
name = "pyserial"
version = "3.5"
description = "Python Serial Port Extension"
optional = false
python-versions = "*"
files = [
    {file = "pyserial-3.5-py2.py3-none-any.whl", hash = "sha256:c4451db6ba391ca6ca299fb3ec7bae67a5c55dde170964c7a14ceefec02f2cf0"},
    {file = "pyserial-3.5.tar.gz", hash = "sha256:3c77e014170dfffbd816e6ffc205e9842efb10be9f58ec16d3e8675b4925cddb"},
]

[package.extras]
cp2110 = ["hidapi"]

[[package]]
name = "pyudev"
version = "0.24.3"
description = "A libudev binding"
optional = false
python-versions = ">=3.7"
files = [
    {file = "pyudev-0.24.3-py3-none-any.whl", hash = "sha256:e8246f0a014fe370119ba2bc781bfbe62c0298d0d6b39c94e83102a8a3f56960"},
    {file = "pyudev-0.24.3.tar.gz", hash = "sha256:2e945427a21674893bb97632401db62139d91cea1ee96137cc7b07ad22198fc7"},
]

[[package]]
name = "rshell"
version = "0.0.33"
description = "A remote shell for working with MicroPython boards."
optional = false
python-versions = "*"
files = []
develop = false

[package.dependencies]
pyreadline = {version = "*", markers = "sys_platform == \"win32\""}
pyserial = "*"
pyudev = ">=0.16"

[package.source]
type = "git"
url = "https://github.com/AndyRids/rshell.git"
reference = "fix-wsl-autoconnect"
resolved_reference = "234aa3087d90f68f79f5ab8b9725b0862c113a6e"

[metadata]
lock-version = "2.0"
python-versions = "^3.12"
content-hash = "e034dddfc825fac6a0a9153353e48f093f7fd6b450e8e673d1f4c9ff2bb8f7ab"
